
Microsoft Visual Studio Solution File, Format Version 12.00
# Visual Studio 15
VisualStudioVersion = 15.0.28307.106
MinimumVisualStudioVersion = 10.0.40219.1
Project("{FAE04EC0-301F-11D3-BF4B-00C04F79EFBC}") = "QuartzDI.Demo", "QuartzDI.Demo\QuartzDI.Demo.csproj", "{ADFC4D0C-DE83-4A42-A91A-0AAA74019461}"
EndProject
Project("{FAE04EC0-301F-11D3-BF4B-00C04F79EFBC}") = "QuartzDi.Demo.Extrernal", "QuartzDi.Demo.Extrernal\QuartzDi.Demo.Extrernal.csproj", "{22405576-9210-4D0C-955B-703FEC9EC1F8}"
EndProject
Global
	GlobalSection(SolutionConfigurationPlatforms) = preSolution
		Debug|Any CPU = Debug|Any CPU
		Release|Any CPU = Release|Any CPU
	EndGlobalSection
	GlobalSection(ProjectConfigurationPlatforms) = postSolution
		{ADFC4D0C-DE83-4A42-A91A-0AAA74019461}.Debug|Any CPU.ActiveCfg = Debug|Any CPU
		{ADFC4D0C-DE83-4A42-A91A-0AAA74019461}.Debug|Any CPU.Build.0 = Debug|Any CPU
		{ADFC4D0C-DE83-4A42-A91A-0AAA74019461}.Release|Any CPU.ActiveCfg = Release|Any CPU
		{ADFC4D0C-DE83-4A42-A91A-0AAA74019461}.Release|Any CPU.Build.0 = Release|Any CPU
		{22405576-9210-4D0C-955B-703FEC9EC1F8}.Debug|Any CPU.ActiveCfg = Debug|Any CPU
		{22405576-9210-4D0C-955B-703FEC9EC1F8}.Debug|Any CPU.Build.0 = Debug|Any CPU
		{22405576-9210-4D0C-955B-703FEC9EC1F8}.Release|Any CPU.ActiveCfg = Release|Any CPU
		{22405576-9210-4D0C-955B-703FEC9EC1F8}.Release|Any CPU.Build.0 = Release|Any CPU
	EndGlobalSection
	GlobalSection(SolutionProperties) = preSolution
		HideSolutionNode = FALSE
	EndGlobalSection
	GlobalSection(ExtensibilityGlobals) = postSolution
		SolutionGuid = {B0205D6D-5D28-4267-ACB2-66928AE3D625}
	EndGlobalSection
EndGlobal
